
Microsoft Visual Studio Solution File, Format Version 12.00
# Visual Studio Version 16
VisualStudioVersion = 16.0.30907.101
MinimumVisualStudioVersion = 10.0.40219.1
Project("{FAE04EC0-301F-11D3-BF4B-00C04F79EFBC}") = "E-CommerceMVC1", "E-CommerceMVC1\E-CommerceMVC1.csproj", "{4383BE1F-C756-4D9E-9AF0-E09C49DFA73C}"
EndProject
Project("{FAE04EC0-301F-11D3-BF4B-00C04F79EFBC}") = "DataLibrary1", "DataLibrary1\DataLibrary1.csproj", "{180C9C32-73E9-4A7F-90B4-9974607430AE}"
EndProject
Project("{00D1A9C2-B5F0-4AF3-8072-F6C62B433612}") = "E-CommerceDB1", "E-CommerceDB1\E-CommerceDB1.sqlproj", "{6B4661FE-8338-419F-A188-23A667BE3678}"
EndProject
Global
	GlobalSection(SolutionConfigurationPlatforms) = preSolution
		Debug|Any CPU = Debug|Any CPU
		Release|Any CPU = Release|Any CPU
	EndGlobalSection
	GlobalSection(ProjectConfigurationPlatforms) = postSolution
		{4383BE1F-C756-4D9E-9AF0-E09C49DFA73C}.Debug|Any CPU.ActiveCfg = Debug|Any CPU
		{4383BE1F-C756-4D9E-9AF0-E09C49DFA73C}.Debug|Any CPU.Build.0 = Debug|Any CPU
		{4383BE1F-C756-4D9E-9AF0-E09C49DFA73C}.Release|Any CPU.ActiveCfg = Release|Any CPU
		{4383BE1F-C756-4D9E-9AF0-E09C49DFA73C}.Release|Any CPU.Build.0 = Release|Any CPU
		{180C9C32-73E9-4A7F-90B4-9974607430AE}.Debug|Any CPU.ActiveCfg = Debug|Any CPU
		{180C9C32-73E9-4A7F-90B4-9974607430AE}.Debug|Any CPU.Build.0 = Debug|Any CPU
		{180C9C32-73E9-4A7F-90B4-9974607430AE}.Release|Any CPU.ActiveCfg = Release|Any CPU
		{180C9C32-73E9-4A7F-90B4-9974607430AE}.Release|Any CPU.Build.0 = Release|Any CPU
		{6B4661FE-8338-419F-A188-23A667BE3678}.Debug|Any CPU.ActiveCfg = Debug|Any CPU
		{6B4661FE-8338-419F-A188-23A667BE3678}.Debug|Any CPU.Build.0 = Debug|Any CPU
		{6B4661FE-8338-419F-A188-23A667BE3678}.Debug|Any CPU.Deploy.0 = Debug|Any CPU
		{6B4661FE-8338-419F-A188-23A667BE3678}.Release|Any CPU.ActiveCfg = Release|Any CPU
		{6B4661FE-8338-419F-A188-23A667BE3678}.Release|Any CPU.Build.0 = Release|Any CPU
		{6B4661FE-8338-419F-A188-23A667BE3678}.Release|Any CPU.Deploy.0 = Release|Any CPU
	EndGlobalSection
	GlobalSection(SolutionProperties) = preSolution
		HideSolutionNode = FALSE
	EndGlobalSection
	GlobalSection(ExtensibilityGlobals) = postSolution
		SolutionGuid = {CED59D0E-79A0-4EFD-88DE-9C96CD555E36}
	EndGlobalSection
EndGlobal
